
Microsoft Visual Studio Solution File, Format Version 12.00
# Visual Studio Version 17
VisualStudioVersion = 17.1.31911.260
MinimumVisualStudioVersion = 10.0.40219.1
Project("{2150E333-8FDC-42A3-9474-1A3956D46DE8}") = "src", "src", "{37592DA2-FDD5-403E-841A-E588A4793263}"
EndProject
Project("{9A19103F-16F7-4668-BE54-9A1E7A4F7556}") = "FileShare", "src\FileShare.csproj", "{F1A9FFBD-883A-48C4-B319-96A21D266BBF}"
EndProject
Project("{FAE04EC0-301F-11D3-BF4B-00C04F79EFBC}") = "ClientSampleApp", "ClientSampleApp\ClientSampleApp.csproj", "{DF39627F-A82F-4234-82B1-AD16ECBA61DD}"
EndProject
Global
	GlobalSection(SolutionConfigurationPlatforms) = preSolution
		Debug|Any CPU = Debug|Any CPU
		Release|Any CPU = Release|Any CPU
	EndGlobalSection
	GlobalSection(ProjectConfigurationPlatforms) = postSolution
		{F1A9FFBD-883A-48C4-B319-96A21D266BBF}.Debug|Any CPU.ActiveCfg = Debug|Any CPU
		{F1A9FFBD-883A-48C4-B319-96A21D266BBF}.Debug|Any CPU.Build.0 = Debug|Any CPU
		{F1A9FFBD-883A-48C4-B319-96A21D266BBF}.Release|Any CPU.ActiveCfg = Release|Any CPU
		{F1A9FFBD-883A-48C4-B319-96A21D266BBF}.Release|Any CPU.Build.0 = Release|Any CPU
		{DF39627F-A82F-4234-82B1-AD16ECBA61DD}.Debug|Any CPU.ActiveCfg = Debug|Any CPU
		{DF39627F-A82F-4234-82B1-AD16ECBA61DD}.Debug|Any CPU.Build.0 = Debug|Any CPU
		{DF39627F-A82F-4234-82B1-AD16ECBA61DD}.Release|Any CPU.ActiveCfg = Release|Any CPU
		{DF39627F-A82F-4234-82B1-AD16ECBA61DD}.Release|Any CPU.Build.0 = Release|Any CPU
	EndGlobalSection
	GlobalSection(SolutionProperties) = preSolution
		HideSolutionNode = FALSE
	EndGlobalSection
	GlobalSection(NestedProjects) = preSolution
		{F1A9FFBD-883A-48C4-B319-96A21D266BBF} = {37592DA2-FDD5-403E-841A-E588A4793263}
		{DF39627F-A82F-4234-82B1-AD16ECBA61DD} = {37592DA2-FDD5-403E-841A-E588A4793263}
	EndGlobalSection
	GlobalSection(ExtensibilityGlobals) = postSolution
		SolutionGuid = {8B2DA79E-8691-4627-ACF5-603A63AB1923}
	EndGlobalSection
EndGlobal
